# This file is autogenerated, do not edit; changes may be undone by the next 'dep ensure'.


[[projects]]
  name = "github.com/BurntSushi/toml"
  packages = ["."]
  revision = "b26d9c308763d68093482582cea63d69be07a0f0"
  version = "v0.3.0"

[[projects]]
  branch = "master"
  name = "github.com/aristanetworks/goarista"
  packages = ["monotime"]
  revision = "49e89e3a7a0626cb3ff744c539048333913129b0"

[[projects]]
  branch = "master"
  name = "github.com/btcsuite/btcd"
  packages = ["btcec","chaincfg/chainhash"]
  revision = "2e60448ffcc6bf78332d1fe590260095f554dd78"

[[projects]]
  name = "github.com/davecgh/go-spew"
  packages = ["spew"]
  revision = "346938d642f2ec3594ed81d874461961cd0faa76"
  version = "v1.1.0"

[[projects]]
  name = "github.com/ethereum/go-ethereum"
  packages = [".","accounts","accounts/keystore","common","common/hexutil","common/math","common/mclock","core/types","crypto","crypto/randentropy","crypto/secp256k1","crypto/sha3","event","log","params","rlp","trie"]
  revision = "18a7d313386194be39e733ac3043988690f42464"

[[projects]]
  name = "github.com/go-stack/stack"
  packages = ["."]
  revision = "259ab82a6cad3992b4e21ff5cac294ccb06474bc"
  version = "v1.7.0"

[[projects]]
  name = "github.com/gocraft/dbr"
  packages = [".","dialect"]
  revision = "b2f0ffcef2a64c0729d5818e103bc019caed7b22"
  version = "v2.1"

[[projects]]
  name = "github.com/golang/mock"
  packages = ["gomock"]
  revision = "13f360950a79f5864a972c786a10a50e44b69541"
  version = "v1.0.0"

[[projects]]
  branch = "master"
  name = "github.com/golang/protobuf"
  packages = ["jsonpb","proto","ptypes","ptypes/any","ptypes/duration","ptypes/struct","ptypes/timestamp"]
  revision = "1e59b77b52bf8e4b449a57e6f79f21226d571845"

[[projects]]
  branch = "master"
  name = "github.com/grpc-ecosystem/go-grpc-middleware"
  packages = [".","auth","logging","logging/zap","recovery","tags","tags/zap","util/metautils"]
  revision = "d0c54e68681ec7999ac17864470f3bee6521ba2b"

[[projects]]
  branch = "master"
  name = "github.com/howeyc/gopass"
  packages = ["."]
  revision = "bf9dde6d0d2c004a008c27aaee91170c786f6db8"

[[projects]]
  branch = "master"
  name = "github.com/jasonlvhit/gocron"
  packages = ["."]
  revision = "3c914c8681c3998f1dd463d84a4d8c29345e47a4"

[[projects]]
  branch = "master"
  name = "github.com/jinzhu/configor"
  packages = ["."]
  revision = "6ecfe629230f24c2e92c7894c6ab21b83b757a39"

[[projects]]
  name = "github.com/mattn/go-sqlite3"
  packages = ["."]
  revision = "6c771bb9887719704b210e87e934f08be014bdb1"
  version = "v1.6.0"

[[projects]]
  branch = "master"
  name = "github.com/noxiouz/zapctx"
  packages = ["ctxlog"]
  revision = "b19b4472cfa58cb48603a8361b5e650f0199ba1a"

[[projects]]
  name = "github.com/pborman/uuid"
  packages = ["."]
  revision = "e790cca94e6cc75c7064b1332e63811d4aae1a53"
  version = "v1.1"

[[projects]]
  name = "github.com/pkg/errors"
  packages = ["."]
  revision = "645ef00459ed84a119197bfb8d8205042c6df63d"
  version = "v0.8.0"

[[projects]]
  name = "github.com/pmezard/go-difflib"
  packages = ["difflib"]
  revision = "792786c7400a136282c1664665ae0a8db921c6c2"
  version = "v1.0.0"

[[projects]]
  branch = "master"
  name = "github.com/rcrowley/go-metrics"
  packages = ["."]
  revision = "e181e095bae94582363434144c61a9653aff6e50"

[[projects]]
  branch = "master"
  name = "github.com/rjeczalik/notify"
  packages = ["."]
  revision = "27b537f07230b3f917421af6dcf044038dbe57e2"

[[projects]]
  name = "github.com/stretchr/testify"
  packages = ["assert","require","suite"]
  revision = "b91bfb9ebec76498946beb6af7c0230c7cc7ba6c"
  version = "v1.2.0"

[[projects]]
  branch = "master"
  name = "github.com/xlab/closer"
  packages = ["."]
  revision = "89cd22812c4fd5188746092cd10992caeffc75ab"

[[projects]]
  name = "go.uber.org/atomic"
  packages = ["."]
  revision = "8474b86a5a6f79c443ce4b2992817ff32cf208b8"
  version = "v1.3.1"

[[projects]]
  name = "go.uber.org/multierr"
  packages = ["."]
  revision = "3c4937480c32f4c13a875a1829af76c98ca3d40a"
  version = "v1.1.0"

[[projects]]
  name = "go.uber.org/zap"
  packages = [".","buffer","internal/bufferpool","internal/color","internal/exit","zapcore","zapgrpc"]
  revision = "35aad584952c3e7020db7b839f6b102de6271f89"
  version = "v1.7.1"

[[projects]]
  branch = "master"
  name = "golang.org/x/crypto"
  packages = ["pbkdf2","scrypt","ssh/terminal"]
  revision = "13931e22f9e72ea58bb73048bc752b48c6d4d4ac"

[[projects]]
  branch = "master"
  name = "golang.org/x/net"
  packages = ["context","http2","http2/hpack","idna","internal/timeseries","lex/httplex","trace"]
  revision = "5ccada7d0a7ba9aeb5d3aca8d3501b4c2a509fec"

[[projects]]
  branch = "master"
  name = "golang.org/x/sys"
  packages = ["unix","windows"]
  revision = "fff93fa7cd278d84afc205751523809c464168ab"

[[projects]]
  branch = "master"
  name = "golang.org/x/text"
  packages = ["collate","collate/build","internal/colltab","internal/gen","internal/tag","internal/triegen","internal/ucd","language","secure/bidirule","transform","unicode/bidi","unicode/cldr","unicode/norm","unicode/rangetable"]
  revision = "e19ae1496984b1c655b8044a65c0300a3c878dd3"

[[projects]]
  branch = "master"
  name = "google.golang.org/genproto"
  packages = ["googleapis/rpc/status"]
  revision = "a8101f21cf983e773d0c1133ebc5424792003214"

[[projects]]
  name = "google.golang.org/grpc"
  packages = [".","balancer","balancer/base","balancer/roundrobin","codes","connectivity","credentials","encoding","encoding/gzip","grpclb/grpc_lb_v1/messages","grpclog","internal","keepalive","metadata","naming","peer","resolver","resolver/dns","resolver/passthrough","stats","status","tap","transport"]
  revision = "7cea4cc846bcf00cbb27595b07da5de875ef7de9"
  version = "v1.9.1"

[[projects]]
  name = "gopkg.in/fatih/set.v0"
  packages = ["."]
  revision = "57907de300222151a123d29255ed17f5ed43fad3"
  version = "v0.1.0"

[[projects]]
  branch = "v2"
  name = "gopkg.in/karalabe/cookiejar.v2"
  packages = ["collections/prque"]
  revision = "8dcd6a7f4951f6ff3ee9cbb919a06d8925822e57"

[[projects]]
  branch = "v2"
  name = "gopkg.in/tomb.v2"
  packages = ["."]
  revision = "d5d1b5820637886def9eef33e03a27a9f166942c"

[[projects]]
  branch = "v2"
  name = "gopkg.in/yaml.v2"
  packages = ["."]
  revision = "d670f9405373e636a5a2765eea47fac0c9bc91a4"

[solve-meta]
  analyzer-name = "dep"
  analyzer-version = 1
  inputs-digest = "d749f80daf88bee50bb0f094a889b190d7e974430eef345dbb6e04a336aaadd5"
  solver-name = "gps-cdcl"
  solver-version = 1
